
Microsoft Visual Studio Solution File, Format Version 12.00
# Visual Studio Version 17
VisualStudioVersion = 17.2.32616.157
MinimumVisualStudioVersion = 10.0.40219.1
Project("{9A19103F-16F7-4668-BE54-9A1E7A4F7556}") = "mvcDotNetTrainingGround", "mvcDotNetTrainingGround.csproj", "{4AD32EE5-B4A5-4FDC-BE7E-AFF61F7913F0}"
EndProject
Global
	GlobalSection(SolutionConfigurationPlatforms) = preSolution
		Debug|Any CPU = Debug|Any CPU
		Release|Any CPU = Release|Any CPU
	EndGlobalSection
	GlobalSection(ProjectConfigurationPlatforms) = postSolution
		{4AD32EE5-B4A5-4FDC-BE7E-AFF61F7913F0}.Debug|Any CPU.ActiveCfg = Debug|Any CPU
		{4AD32EE5-B4A5-4FDC-BE7E-AFF61F7913F0}.Debug|Any CPU.Build.0 = Debug|Any CPU
		{4AD32EE5-B4A5-4FDC-BE7E-AFF61F7913F0}.Release|Any CPU.ActiveCfg = Release|Any CPU
		{4AD32EE5-B4A5-4FDC-BE7E-AFF61F7913F0}.Release|Any CPU.Build.0 = Release|Any CPU
	EndGlobalSection
	GlobalSection(SolutionProperties) = preSolution
		HideSolutionNode = FALSE
	EndGlobalSection
	GlobalSection(ExtensibilityGlobals) = postSolution
		SolutionGuid = {A6FEB7E1-6BC2-4AB9-B6DF-0DC8C1DEF066}
	EndGlobalSection
EndGlobal
